
Microsoft Visual Studio Solution File, Format Version 11.00
# Visual Studio 2010
# SharpDevelop 4.4
Project("{FAE04EC0-301F-11D3-BF4B-00C04F79EFBC}") = "german proyecto", "german proyecto\german proyecto.csproj", "{C1A7DC51-B563-4903-861A-4E995E43334D}"
EndProject
Global
	GlobalSection(SolutionConfigurationPlatforms) = preSolution
		Debug|Any CPU = Debug|Any CPU
		Release|Any CPU = Release|Any CPU
	EndGlobalSection
	GlobalSection(ProjectConfigurationPlatforms) = postSolution
		{C1A7DC51-B563-4903-861A-4E995E43334D}.Debug|Any CPU.Build.0 = Debug|Any CPU
		{C1A7DC51-B563-4903-861A-4E995E43334D}.Debug|Any CPU.ActiveCfg = Debug|Any CPU
		{C1A7DC51-B563-4903-861A-4E995E43334D}.Release|Any CPU.Build.0 = Release|Any CPU
		{C1A7DC51-B563-4903-861A-4E995E43334D}.Release|Any CPU.ActiveCfg = Release|Any CPU
	EndGlobalSection
EndGlobal
